// !$*UTF8*$!
{
	archiveVersion = 1;
	classes = {
	};
	objectVersion = 46;
	objects = {

/* Begin PBXBuildFile section */
		462958671CB9D39C0099E929 /* SwiftColorPickerViewController.swift in Sources */ = {isa = PBXBuildFile; fileRef = 462958661CB9D39C0099E929 /* SwiftColorPickerViewController.swift */; };
		462958691CBA33690099E929 /* FlowerViewController.swift in Sources */ = {isa = PBXBuildFile; fileRef = 462958681CBA33690099E929 /* FlowerViewController.swift */; };
		4629586C1CBA34F40099E929 /* FlowerTableViewCell.swift in Sources */ = {isa = PBXBuildFile; fileRef = 4629586A1CBA34F40099E929 /* FlowerTableViewCell.swift */; };
		4629586D1CBA34F40099E929 /* FlowerTableViewCell.xib in Resources */ = {isa = PBXBuildFile; fileRef = 4629586B1CBA34F40099E929 /* FlowerTableViewCell.xib */; };
		46312B3B1CB8A058009183D9 /* AppDelegate.swift in Sources */ = {isa = PBXBuildFile; fileRef = 46312B3A1CB8A058009183D9 /* AppDelegate.swift */; };
		46312B3D1CB8A058009183D9 /* ViewController.swift in Sources */ = {isa = PBXBuildFile; fileRef = 46312B3C1CB8A058009183D9 /* ViewController.swift */; };
		46312B401CB8A058009183D9 /* Main.storyboard in Resources */ = {isa = PBXBuildFile; fileRef = 46312B3E1CB8A058009183D9 /* Main.storyboard */; };
		46312B421CB8A058009183D9 /* Assets.xcassets in Resources */ = {isa = PBXBuildFile; fileRef = 46312B411CB8A058009183D9 /* Assets.xcassets */; };
		46312B451CB8A058009183D9 /* LaunchScreen.storyboard in Resources */ = {isa = PBXBuildFile; fileRef = 46312B431CB8A058009183D9 /* LaunchScreen.storyboard */; };
		46312B501CB8A058009183D9 /* GardenPlanTopCoderTests.swift in Sources */ = {isa = PBXBuildFile; fileRef = 46312B4F1CB8A058009183D9 /* GardenPlanTopCoderTests.swift */; };
		46312B5B1CB8A058009183D9 /* GardenPlanTopCoderUITests.swift in Sources */ = {isa = PBXBuildFile; fileRef = 46312B5A1CB8A058009183D9 /* GardenPlanTopCoderUITests.swift */; };
		46312B6A1CB8A09A009183D9 /* FlowerModel.swift in Sources */ = {isa = PBXBuildFile; fileRef = 46312B691CB8A09A009183D9 /* FlowerModel.swift */; };
		46312B721CB8A5D9009183D9 /* BedsTableViewCell.swift in Sources */ = {isa = PBXBuildFile; fileRef = 46312B701CB8A5D9009183D9 /* BedsTableViewCell.swift */; };
		46312B731CB8A5D9009183D9 /* BedsTableViewCell.xib in Resources */ = {isa = PBXBuildFile; fileRef = 46312B711CB8A5D9009183D9 /* BedsTableViewCell.xib */; };
		4634CB531CBA8FC000E9E834 /* amemuchigothicmono-m.ttf in Resources */ = {isa = PBXBuildFile; fileRef = 4634CB521CBA8FC000E9E834 /* amemuchigothicmono-m.ttf */; };
		4634CB551CBA950A00E9E834 /* GardenPlanner.png in Resources */ = {isa = PBXBuildFile; fileRef = 4634CB541CBA950A00E9E834 /* GardenPlanner.png */; };
/* End PBXBuildFile section */

/* Begin PBXContainerItemProxy section */
		46312B4C1CB8A058009183D9 /* PBXContainerItemProxy */ = {
			isa = PBXContainerItemProxy;
			containerPortal = 46312B2F1CB8A058009183D9 /* Project object */;
			proxyType = 1;
			remoteGlobalIDString = 46312B361CB8A058009183D9;
			remoteInfo = GardenPlanTopCoder;
		};
		46312B571CB8A058009183D9 /* PBXContainerItemProxy */ = {
			isa = PBXContainerItemProxy;
			containerPortal = 46312B2F1CB8A058009183D9 /* Project object */;
			proxyType = 1;
			remoteGlobalIDString = 46312B361CB8A058009183D9;
			remoteInfo = GardenPlanTopCoder;
		};
/* End PBXContainerItemProxy section */

/* Begin PBXFileReference section */
		462958661CB9D39C0099E929 /* SwiftColorPickerViewController.swift */ = {isa = PBXFileReference; fileEncoding = 4; lastKnownFileType = sourcecode.swift; path = SwiftColorPickerViewController.swift; sourceTree = "<group>"; };
		462958681CBA33690099E929 /* FlowerViewController.swift */ = {isa = PBXFileReference; fileEncoding = 4; lastKnownFileType = sourcecode.swift; path = FlowerViewController.swift; sourceTree = "<group>"; };
		4629586A1CBA34F40099E929 /* FlowerTableViewCell.swift */ = {isa = PBXFileReference; fileEncoding = 4; lastKnownFileType = sourcecode.swift; path = FlowerTableViewCell.swift; sourceTree = "<group>"; };
		4629586B1CBA34F40099E929 /* FlowerTableViewCell.xib */ = {isa = PBXFileReference; fileEncoding = 4; lastKnownFileType = file.xib; path = FlowerTableViewCell.xib; sourceTree = "<group>"; };
		46312B371CB8A058009183D9 /* GardenPlanTopCoder.app */ = {isa = PBXFileReference; explicitFileType = wrapper.application; includeInIndex = 0; path = GardenPlanTopCoder.app; sourceTree = BUILT_PRODUCTS_DIR; };
		46312B3A1CB8A058009183D9 /* AppDelegate.swift */ = {isa = PBXFileReference; lastKnownFileType = sourcecode.swift; path = AppDelegate.swift; sourceTree = "<group>"; };
		46312B3C1CB8A058009183D9 /* ViewController.swift */ = {isa = PBXFileReference; lastKnownFileType = sourcecode.swift; path = ViewController.swift; sourceTree = "<group>"; };
		46312B3F1CB8A058009183D9 /* Base */ = {isa = PBXFileReference; lastKnownFileType = file.storyboard; name = Base; path = Base.lproj/Main.storyboard; sourceTree = "<group>"; };
		46312B411CB8A058009183D9 /* Assets.xcassets */ = {isa = PBXFileReference; lastKnownFileType = folder.assetcatalog; path = Assets.xcassets; sourceTree = "<group>"; };
		46312B441CB8A058009183D9 /* Base */ = {isa = PBXFileReference; lastKnownFileType = file.storyboard; name = Base; path = Base.lproj/LaunchScreen.storyboard; sourceTree = "<group>"; };
		46312B461CB8A058009183D9 /* Info.plist */ = {isa = PBXFileReference; lastKnownFileType = text.plist.xml; path = Info.plist; sourceTree = "<group>"; };
		46312B4B1CB8A058009183D9 /* GardenPlanTopCoderTests.xctest */ = {isa = PBXFileReference; explicitFileType = wrapper.cfbundle; includeInIndex = 0; path = GardenPlanTopCoderTests.xctest; sourceTree = BUILT_PRODUCTS_DIR; };
		46312B4F1CB8A058009183D9 /* GardenPlanTopCoderTests.swift */ = {isa = PBXFileReference; lastKnownFileType = sourcecode.swift; path = GardenPlanTopCoderTests.swift; sourceTree = "<group>"; };
		46312B511CB8A058009183D9 /* Info.plist */ = {isa = PBXFileReference; lastKnownFileType = text.plist.xml; path = Info.plist; sourceTree = "<group>"; };
		46312B561CB8A058009183D9 /* GardenPlanTopCoderUITests.xctest */ = {isa = PBXFileReference; explicitFileType = wrapper.cfbundle; includeInIndex = 0; path = GardenPlanTopCoderUITests.xctest; sourceTree = BUILT_PRODUCTS_DIR; };
		46312B5A1CB8A058009183D9 /* GardenPlanTopCoderUITests.swift */ = {isa = PBXFileReference; lastKnownFileType = sourcecode.swift; path = GardenPlanTopCoderUITests.swift; sourceTree = "<group>"; };
		46312B5C1CB8A058009183D9 /* Info.plist */ = {isa = PBXFileReference; lastKnownFileType = text.plist.xml; path = Info.plist; sourceTree = "<group>"; };
		46312B691CB8A09A009183D9 /* FlowerModel.swift */ = {isa = PBXFileReference; fileEncoding = 4; lastKnownFileType = sourcecode.swift; path = FlowerModel.swift; sourceTree = "<group>"; };
		46312B701CB8A5D9009183D9 /* BedsTableViewCell.swift */ = {isa = PBXFileReference; fileEncoding = 4; lastKnownFileType = sourcecode.swift; path = BedsTableViewCell.swift; sourceTree = "<group>"; };
		46312B711CB8A5D9009183D9 /* BedsTableViewCell.xib */ = {isa = PBXFileReference; fileEncoding = 4; lastKnownFileType = file.xib; path = BedsTableViewCell.xib; sourceTree = "<group>"; };
		4634CB521CBA8FC000E9E834 /* amemuchigothicmono-m.ttf */ = {isa = PBXFileReference; lastKnownFileType = file; path = "amemuchigothicmono-m.ttf"; sourceTree = "<group>"; };
		4634CB541CBA950A00E9E834 /* GardenPlanner.png */ = {isa = PBXFileReference; lastKnownFileType = image.png; path = GardenPlanner.png; sourceTree = "<group>"; };
/* End PBXFileReference section */

/* Begin PBXFrameworksBuildPhase section */
		46312B341CB8A058009183D9 /* Frameworks */ = {
			isa = PBXFrameworksBuildPhase;
			buildActionMask = 2147483647;
			files = (
			);
			runOnlyForDeploymentPostprocessing = 0;
		};
		46312B481CB8A058009183D9 /* Frameworks */ = {
			isa = PBXFrameworksBuildPhase;
			buildActionMask = 2147483647;
			files = (
			);
			runOnlyForDeploymentPostprocessing = 0;
		};
		46312B531CB8A058009183D9 /* Frameworks */ = {
			isa = PBXFrameworksBuildPhase;
			buildActionMask = 2147483647;
			files = (
			);
			runOnlyForDeploymentPostprocessing = 0;
		};
/* End PBXFrameworksBuildPhase section */

/* Begin PBXGroup section */
		46312B2E1CB8A058009183D9 = {
			isa = PBXGroup;
			children = (
				46312B391CB8A058009183D9 /* GardenPlanTopCoder */,
				46312B4E1CB8A058009183D9 /* GardenPlanTopCoderTests */,
				46312B591CB8A058009183D9 /* GardenPlanTopCoderUITests */,
				46312B381CB8A058009183D9 /* Products */,
			);
			sourceTree = "<group>";
		};
		46312B381CB8A058009183D9 /* Products */ = {
			isa = PBXGroup;
			children = (
				46312B371CB8A058009183D9 /* GardenPlanTopCoder.app */,
				46312B4B1CB8A058009183D9 /* GardenPlanTopCoderTests.xctest */,
				46312B561CB8A058009183D9 /* GardenPlanTopCoderUITests.xctest */,
			);
			name = Products;
			sourceTree = "<group>";
		};
		46312B391CB8A058009183D9 /* GardenPlanTopCoder */ = {
			isa = PBXGroup;
			children = (
				46312B6B1CB8A4D1009183D9 /* Views */,
				46312B681CB8A069009183D9 /* DataStructure */,
				46312B3A1CB8A058009183D9 /* AppDelegate.swift */,
				4634CB521CBA8FC000E9E834 /* amemuchigothicmono-m.ttf */,
				4634CB541CBA950A00E9E834 /* GardenPlanner.png */,
				46312B3C1CB8A058009183D9 /* ViewController.swift */,
				462958681CBA33690099E929 /* FlowerViewController.swift */,
				462958661CB9D39C0099E929 /* SwiftColorPickerViewController.swift */,
				46312B3E1CB8A058009183D9 /* Main.storyboard */,
				46312B411CB8A058009183D9 /* Assets.xcassets */,
				46312B431CB8A058009183D9 /* LaunchScreen.storyboard */,
				46312B461CB8A058009183D9 /* Info.plist */,
			);
			path = GardenPlanTopCoder;
			sourceTree = "<group>";
		};
		46312B4E1CB8A058009183D9 /* GardenPlanTopCoderTests */ = {
			isa = PBXGroup;
			children = (
				46312B4F1CB8A058009183D9 /* GardenPlanTopCoderTests.swift */,
				46312B511CB8A058009183D9 /* Info.plist */,
			);
			path = GardenPlanTopCoderTests;
			sourceTree = "<group>";
		};
		46312B591CB8A058009183D9 /* GardenPlanTopCoderUITests */ = {
			isa = PBXGroup;
			children = (
				46312B5A1CB8A058009183D9 /* GardenPlanTopCoderUITests.swift */,
				46312B5C1CB8A058009183D9 /* Info.plist */,
			);
			path = GardenPlanTopCoderUITests;
			sourceTree = "<group>";
		};
		46312B681CB8A069009183D9 /* DataStructure */ = {
			isa = PBXGroup;
			children = (
				46312B691CB8A09A009183D9 /* FlowerModel.swift */,
			);
			name = DataStructure;
			sourceTree = "<group>";
		};
		46312B6B1CB8A4D1009183D9 /* Views */ = {
			isa = PBXGroup;
			children = (
				46312B701CB8A5D9009183D9 /* BedsTableViewCell.swift */,
				46312B711CB8A5D9009183D9 /* BedsTableViewCell.xib */,
				4629586A1CBA34F40099E929 /* FlowerTableViewCell.swift */,
				4629586B1CBA34F40099E929 /* FlowerTableViewCell.xib */,
			);
			name = Views;
			sourceTree = "<group>";
		};
/* End PBXGroup section */

/* Begin PBXNativeTarget section */
		46312B361CB8A058009183D9 /* GardenPlanTopCoder */ = {
			isa = PBXNativeTarget;
			buildConfigurationList = 46312B5F1CB8A058009183D9 /* Build configuration list for PBXNativeTarget "GardenPlanTopCoder" */;
			buildPhases = (
				46312B331CB8A058009183D9 /* Sources */,
				46312B341CB8A058009183D9 /* Frameworks */,
				46312B351CB8A058009183D9 /* Resources */,
			);
			buildRules = (
			);
			dependencies = (
			);
			name = GardenPlanTopCoder;
			productName = GardenPlanTopCoder;
			productReference = 46312B371CB8A058009183D9 /* GardenPlanTopCoder.app */;
			productType = "com.apple.product-type.application";
		};
		46312B4A1CB8A058009183D9 /* GardenPlanTopCoderTests */ = {
			isa = PBXNativeTarget;
			buildConfigurationList = 46312B621CB8A058009183D9 /* Build configuration list for PBXNativeTarget "GardenPlanTopCoderTests" */;
			buildPhases = (
				46312B471CB8A058009183D9 /* Sources */,
				46312B481CB8A058009183D9 /* Frameworks */,
				46312B491CB8A058009183D9 /* Resources */,
			);
			buildRules = (
			);
			dependencies = (
				46312B4D1CB8A058009183D9 /* PBXTargetDependency */,
			);
			name = GardenPlanTopCoderTests;
			productName = GardenPlanTopCoderTests;
			productReference = 46312B4B1CB8A058009183D9 /* GardenPlanTopCoderTests.xctest */;
			productType = "com.apple.product-type.bundle.unit-test";
		};
		46312B551CB8A058009183D9 /* GardenPlanTopCoderUITests */ = {
			isa = PBXNativeTarget;
			buildConfigurationList = 46312B651CB8A058009183D9 /* Build configuration list for PBXNativeTarget "GardenPlanTopCoderUITests" */;
			buildPhases = (
				46312B521CB8A058009183D9 /* Sources */,
				46312B531CB8A058009183D9 /* Frameworks */,
				46312B541CB8A058009183D9 /* Resources */,
			);
			buildRules = (
			);
			dependencies = (
				46312B581CB8A058009183D9 /* PBXTargetDependency */,
			);
			name = GardenPlanTopCoderUITests;
			productName = GardenPlanTopCoderUITests;
			productReference = 46312B561CB8A058009183D9 /* GardenPlanTopCoderUITests.xctest */;
			productType = "com.apple.product-type.bundle.ui-testing";
		};
/* End PBXNativeTarget section */

/* Begin PBXProject section */
		46312B2F1CB8A058009183D9 /* Project object */ = {
			isa = PBXProject;
			attributes = {
				LastSwiftUpdateCheck = 0730;
				LastUpgradeCheck = 0730;
				ORGANIZATIONNAME = "藤井陽介";
				TargetAttributes = {
					46312B361CB8A058009183D9 = {
						CreatedOnToolsVersion = 7.3;
						DevelopmentTeam = Q8H8J4PUJC;
					};
					46312B4A1CB8A058009183D9 = {
						CreatedOnToolsVersion = 7.3;
						DevelopmentTeam = Q8H8J4PUJC;
						TestTargetID = 46312B361CB8A058009183D9;
					};
					46312B551CB8A058009183D9 = {
						CreatedOnToolsVersion = 7.3;
						DevelopmentTeam = Q8H8J4PUJC;
						TestTargetID = 46312B361CB8A058009183D9;
					};
				};
			};
			buildConfigurationList = 46312B321CB8A058009183D9 /* Build configuration list for PBXProject "GardenPlanTopCoder" */;
			compatibilityVersion = "Xcode 3.2";
			developmentRegion = English;
			hasScannedForEncodings = 0;
			knownRegions = (
				en,
				Base,
			);
			mainGroup = 46312B2E1CB8A058009183D9;
			productRefGroup = 46312B381CB8A058009183D9 /* Products */;
			projectDirPath = "";
			projectRoot = "";
			targets = (
				46312B361CB8A058009183D9 /* GardenPlanTopCoder */,
				46312B4A1CB8A058009183D9 /* GardenPlanTopCoderTests */,
				46312B551CB8A058009183D9 /* GardenPlanTopCoderUITests */,
			);
		};
/* End PBXProject section */

/* Begin PBXResourcesBuildPhase section */
		46312B351CB8A058009183D9 /* Resources */ = {
			isa = PBXResourcesBuildPhase;
			buildActionMask = 2147483647;
			files = (
				46312B451CB8A058009183D9 /* LaunchScreen.storyboard in Resources */,
				46312B731CB8A5D9009183D9 /* BedsTableViewCell.xib in Resources */,
				46312B421CB8A058009183D9 /* Assets.xcassets in Resources */,
				4629586D1CBA34F40099E929 /* FlowerTableViewCell.xib in Resources */,
				4634CB531CBA8FC000E9E834 /* amemuchigothicmono-m.ttf in Resources */,
				4634CB551CBA950A00E9E834 /* GardenPlanner.png in Resources */,
				46312B401CB8A058009183D9 /* Main.storyboard in Resources */,
			);
			runOnlyForDeploymentPostprocessing = 0;
		};
		46312B491CB8A058009183D9 /* Resources */ = {
			isa = PBXResourcesBuildPhase;
			buildActionMask = 2147483647;
			files = (
			);
			runOnlyForDeploymentPostprocessing = 0;
		};
		46312B541CB8A058009183D9 /* Resources */ = {
			isa = PBXResourcesBuildPhase;
			buildActionMask = 2147483647;
			files = (
			);
			runOnlyForDeploymentPostprocessing = 0;
		};
/* End PBXResourcesBuildPhase section */

/* Begin PBXSourcesBuildPhase section */
		46312B331CB8A058009183D9 /* Sources */ = {
			isa = PBXSourcesBuildPhase;
			buildActionMask = 2147483647;
			files = (
				46312B3D1CB8A058009183D9 /* ViewController.swift in Sources */,
				46312B6A1CB8A09A009183D9 /* FlowerModel.swift in Sources */,
				462958671CB9D39C0099E929 /* SwiftColorPickerViewController.swift in Sources */,
				46312B3B1CB8A058009183D9 /* AppDelegate.swift in Sources */,
				46312B721CB8A5D9009183D9 /* BedsTableViewCell.swift in Sources */,
				4629586C1CBA34F40099E929 /* FlowerTableViewCell.swift in Sources */,
				462958691CBA33690099E929 /* FlowerViewController.swift in Sources */,
			);
			runOnlyForDeploymentPostprocessing = 0;
		};
		46312B471CB8A058009183D9 /* Sources */ = {
			isa = PBXSourcesBuildPhase;
			buildActionMask = 2147483647;
			files = (
				46312B501CB8A058009183D9 /* GardenPlanTopCoderTests.swift in Sources */,
			);
			runOnlyForDeploymentPostprocessing = 0;
		};
		46312B521CB8A058009183D9 /* Sources */ = {
			isa = PBXSourcesBuildPhase;
			buildActionMask = 2147483647;
			files = (
				46312B5B1CB8A058009183D9 /* GardenPlanTopCoderUITests.swift in Sources */,
			);
			runOnlyForDeploymentPostprocessing = 0;
		};
/* End PBXSourcesBuildPhase section */

/* Begin PBXTargetDependency section */
		46312B4D1CB8A058009183D9 /* PBXTargetDependency */ = {
			isa = PBXTargetDependency;
			target = 46312B361CB8A058009183D9 /* GardenPlanTopCoder */;
			targetProxy = 46312B4C1CB8A058009183D9 /* PBXContainerItemProxy */;
		};
		46312B581CB8A058009183D9 /* PBXTargetDependency */ = {
			isa = PBXTargetDependency;
			target = 46312B361CB8A058009183D9 /* GardenPlanTopCoder */;
			targetProxy = 46312B571CB8A058009183D9 /* PBXContainerItemProxy */;
		};
/* End PBXTargetDependency section */

/* Begin PBXVariantGroup section */
		46312B3E1CB8A058009183D9 /* Main.storyboard */ = {
			isa = PBXVariantGroup;
			children = (
				46312B3F1CB8A058009183D9 /* Base */,
			);
			name = Main.storyboard;
			sourceTree = "<group>";
		};
		46312B431CB8A058009183D9 /* LaunchScreen.storyboard */ = {
			isa = PBXVariantGroup;
			children = (
				46312B441CB8A058009183D9 /* Base */,
			);
			name = LaunchScreen.storyboard;
			sourceTree = "<group>";
		};
/* End PBXVariantGroup section */

/* Begin XCBuildConfiguration section */
		46312B5D1CB8A058009183D9 /* Debug */ = {
			isa = XCBuildConfiguration;
			buildSettings = {
				ALWAYS_SEARCH_USER_PATHS = NO;
				CLANG_ANALYZER_NONNULL = YES;
				CLANG_CXX_LANGUAGE_STANDARD = "gnu++0x";
				CLANG_CXX_LIBRARY = "libc++";
				CLANG_ENABLE_MODULES = YES;
				CLANG_ENABLE_OBJC_ARC = YES;
				CLANG_WARN_BOOL_CONVERSION = YES;
				CLANG_WARN_CONSTANT_CONVERSION = YES;
				CLANG_WARN_DIRECT_OBJC_ISA_USAGE = YES_ERROR;
				CLANG_WARN_EMPTY_BODY = YES;
				CLANG_WARN_ENUM_CONVERSION = YES;
				CLANG_WARN_INT_CONVERSION = YES;
				CLANG_WARN_OBJC_ROOT_CLASS = YES_ERROR;
				CLANG_WARN_UNREACHABLE_CODE = YES;
				CLANG_WARN__DUPLICATE_METHOD_MATCH = YES;
				"CODE_SIGN_IDENTITY[sdk=iphoneos*]" = "iPhone Developer";
				COPY_PHASE_STRIP = NO;
				DEBUG_INFORMATION_FORMAT = dwarf;
				ENABLE_STRICT_OBJC_MSGSEND = YES;
				ENABLE_TESTABILITY = YES;
				GCC_C_LANGUAGE_STANDARD = gnu99;
				GCC_DYNAMIC_NO_PIC = NO;
				GCC_NO_COMMON_BLOCKS = YES;
				GCC_OPTIMIZATION_LEVEL = 0;
				GCC_PREPROCESSOR_DEFINITIONS = (
					"DEBUG=1",
					"$(inherited)",
				);
				GCC_WARN_64_TO_32_BIT_CONVERSION = YES;
				GCC_WARN_ABOUT_RETURN_TYPE = YES_ERROR;
				GCC_WARN_UNDECLARED_SELECTOR = YES;
				GCC_WARN_UNINITIALIZED_AUTOS = YES_AGGRESSIVE;
				GCC_WARN_UNUSED_FUNCTION = YES;
				GCC_WARN_UNUSED_VARIABLE = YES;
				IPHONEOS_DEPLOYMENT_TARGET = 9.3;
				MTL_ENABLE_DEBUG_INFO = YES;
				ONLY_ACTIVE_ARCH = YES;
				SDKROOT = iphoneos;
				SWIFT_OPTIMIZATION_LEVEL = "-Onone";
			};
			name = Debug;
		};
		46312B5E1CB8A058009183D9 /* Release */ = {
			isa = XCBuildConfiguration;
			buildSettings = {
				ALWAYS_SEARCH_USER_PATHS = NO;
				CLANG_ANALYZER_NONNULL = YES;
				CLANG_CXX_LANGUAGE_STANDARD = "gnu++0x";
				CLANG_CXX_LIBRARY = "libc++";
				CLANG_ENABLE_MODULES = YES;
				CLANG_ENABLE_OBJC_ARC = YES;
				CLANG_WARN_BOOL_CONVERSION = YES;
				CLANG_WARN_CONSTANT_CONVERSION = YES;
				CLANG_WARN_DIRECT_OBJC_ISA_USAGE = YES_ERROR;
				CLANG_WARN_EMPTY_BODY = YES;
				CLANG_WARN_ENUM_CONVERSION = YES;
				CLANG_WARN_INT_CONVERSION = YES;
				CLANG_WARN_OBJC_ROOT_CLASS = YES_ERROR;
				CLANG_WARN_UNREACHABLE_CODE = YES;
				CLANG_WARN__DUPLICATE_METHOD_MATCH = YES;
				"CODE_SIGN_IDENTITY[sdk=iphoneos*]" = "iPhone Developer";
				COPY_PHASE_STRIP = NO;
				DEBUG_INFORMATION_FORMAT = "dwarf-with-dsym";
				ENABLE_NS_ASSERTIONS = NO;
				ENABLE_STRICT_OBJC_MSGSEND = YES;
				GCC_C_LANGUAGE_STANDARD = gnu99;
				GCC_NO_COMMON_BLOCKS = YES;
				GCC_WARN_64_TO_32_BIT_CONVERSION = YES;
				GCC_WARN_ABOUT_RETURN_TYPE = YES_ERROR;
				GCC_WARN_UNDECLARED_SELECTOR = YES;
				GCC_WARN_UNINITIALIZED_AUTOS = YES_AGGRESSIVE;
				GCC_WARN_UNUSED_FUNCTION = YES;
				GCC_WARN_UNUSED_VARIABLE = YES;
				IPHONEOS_DEPLOYMENT_TARGET = 9.3;
				MTL_ENABLE_DEBUG_INFO = NO;
				SDKROOT = iphoneos;
				VALIDATE_PRODUCT = YES;
			};
			name = Release;
		};
		46312B601CB8A058009183D9 /* Debug */ = {
			isa = XCBuildConfiguration;
			buildSettings = {
				ASSETCATALOG_COMPILER_APPICON_NAME = AppIcon;
				INFOPLIST_FILE = GardenPlanTopCoder/Info.plist;
				LD_RUNPATH_SEARCH_PATHS = "$(inherited) @executable_path/Frameworks";
				PRODUCT_BUNDLE_IDENTIFIER = com.dev.touyou.GardenPlanTopCoder;
				PRODUCT_NAME = "$(TARGET_NAME)";
			};
			name = Debug;
		};
		46312B611CB8A058009183D9 /* Release */ = {
			isa = XCBuildConfiguration;
			buildSettings = {
				ASSETCATALOG_COMPILER_APPICON_NAME = AppIcon;
				INFOPLIST_FILE = GardenPlanTopCoder/Info.plist;
				LD_RUNPATH_SEARCH_PATHS = "$(inherited) @executable_path/Frameworks";
				PRODUCT_BUNDLE_IDENTIFIER = com.dev.touyou.GardenPlanTopCoder;
				PRODUCT_NAME = "$(TARGET_NAME)";
			};
			name = Release;
		};
		46312B631CB8A058009183D9 /* Debug */ = {
			isa = XCBuildConfiguration;
			buildSettings = {
				BUNDLE_LOADER = "$(TEST_HOST)";
				INFOPLIST_FILE = GardenPlanTopCoderTests/Info.plist;
				LD_RUNPATH_SEARCH_PATHS = "$(inherited) @executable_path/Frameworks @loader_path/Frameworks";
				PRODUCT_BUNDLE_IDENTIFIER = com.dev.touyou.GardenPlanTopCoderTests;
				PRODUCT_NAME = "$(TARGET_NAME)";
				TEST_HOST = "$(BUILT_PRODUCTS_DIR)/GardenPlanTopCoder.app/GardenPlanTopCoder";
			};
			name = Debug;
		};
		46312B641CB8A058009183D9 /* Release */ = {
			isa = XCBuildConfiguration;
			buildSettings = {
				BUNDLE_LOADER = "$(TEST_HOST)";
				INFOPLIST_FILE = GardenPlanTopCoderTests/Info.plist;
				LD_RUNPATH_SEARCH_PATHS = "$(inherited) @executable_path/Frameworks @loader_path/Frameworks";
				PRODUCT_BUNDLE_IDENTIFIER = com.dev.touyou.GardenPlanTopCoderTests;
				PRODUCT_NAME = "$(TARGET_NAME)";
				TEST_HOST = "$(BUILT_PRODUCTS_DIR)/GardenPlanTopCoder.app/GardenPlanTopCoder";
			};
			name = Release;
		};
		46312B661CB8A058009183D9 /* Debug */ = {
			isa = XCBuildConfiguration;
			buildSettings = {
				INFOPLIST_FILE = GardenPlanTopCoderUITests/Info.plist;
				LD_RUNPATH_SEARCH_PATHS = "$(inherited) @executable_path/Frameworks @loader_path/Frameworks";
				PRODUCT_BUNDLE_IDENTIFIER = com.dev.touyou.GardenPlanTopCoderUITests;
				PRODUCT_NAME = "$(TARGET_NAME)";
				TEST_TARGET_NAME = GardenPlanTopCoder;
			};
			name = Debug;
		};
		46312B671CB8A058009183D9 /* Release */ = {
			isa = XCBuildConfiguration;
			buildSettings = {
				INFOPLIST_FILE = GardenPlanTopCoderUITests/Info.plist;
				LD_RUNPATH_SEARCH_PATHS = "$(inherited) @executable_path/Frameworks @loader_path/Frameworks";
				PRODUCT_BUNDLE_IDENTIFIER = com.dev.touyou.GardenPlanTopCoderUITests;
				PRODUCT_NAME = "$(TARGET_NAME)";
				TEST_TARGET_NAME = GardenPlanTopCoder;
			};
			name = Release;
		};
/* End XCBuildConfiguration section */

/* Begin XCConfigurationList section */
		46312B321CB8A058009183D9 /* Build configuration list for PBXProject "GardenPlanTopCoder" */ = {
			isa = XCConfigurationList;
			buildConfigurations = (
				46312B5D1CB8A058009183D9 /* Debug */,
				46312B5E1CB8A058009183D9 /* Release */,
			);
			defaultConfigurationIsVisible = 0;
			defaultConfigurationName = Release;
		};
		46312B5F1CB8A058009183D9 /* Build configuration list for PBXNativeTarget "GardenPlanTopCoder" */ = {
			isa = XCConfigurationList;
			buildConfigurations = (
				46312B601CB8A058009183D9 /* Debug */,
				46312B611CB8A058009183D9 /* Release */,
			);
			defaultConfigurationIsVisible = 0;
			defaultConfigurationName = Release;
		};
		46312B621CB8A058009183D9 /* Build configuration list for PBXNativeTarget "GardenPlanTopCoderTests" */ = {
			isa = XCConfigurationList;
			buildConfigurations = (
				46312B631CB8A058009183D9 /* Debug */,
				46312B641CB8A058009183D9 /* Release */,
			);
			defaultConfigurationIsVisible = 0;
			defaultConfigurationName = Release;
		};
		46312B651CB8A058009183D9 /* Build configuration list for PBXNativeTarget "GardenPlanTopCoderUITests" */ = {
			isa = XCConfigurationList;
			buildConfigurations = (
				46312B661CB8A058009183D9 /* Debug */,
				46312B671CB8A058009183D9 /* Release */,
			);
			defaultConfigurationIsVisible = 0;
			defaultConfigurationName = Release;
		};
/* End XCConfigurationList section */
	};
	rootObject = 46312B2F1CB8A058009183D9 /* Project object */;
}
